
Microsoft Visual Studio Solution File, Format Version 12.00
# Visual Studio 15
VisualStudioVersion = 15.0.27130.2010
MinimumVisualStudioVersion = 10.0.40219.1
Project("{FAE04EC0-301F-11D3-BF4B-00C04F79EFBC}") = "pdf-ocr", "pdf-ocr.csproj", "{523FBF1E-BB4F-435A-9A9E-63DE49CD721D}"
EndProject
Global
	GlobalSection(SolutionConfigurationPlatforms) = preSolution
		Debug|Any CPU = Debug|Any CPU
		Release|Any CPU = Release|Any CPU
	EndGlobalSection
	GlobalSection(ProjectConfigurationPlatforms) = postSolution
		{523FBF1E-BB4F-435A-9A9E-63DE49CD721D}.Debug|Any CPU.ActiveCfg = Debug|Any CPU
		{523FBF1E-BB4F-435A-9A9E-63DE49CD721D}.Debug|Any CPU.Build.0 = Debug|Any CPU
		{523FBF1E-BB4F-435A-9A9E-63DE49CD721D}.Release|Any CPU.ActiveCfg = Release|Any CPU
		{523FBF1E-BB4F-435A-9A9E-63DE49CD721D}.Release|Any CPU.Build.0 = Release|Any CPU
	EndGlobalSection
	GlobalSection(SolutionProperties) = preSolution
		HideSolutionNode = FALSE
	EndGlobalSection
	GlobalSection(ExtensibilityGlobals) = postSolution
		SolutionGuid = {A542165C-F1CF-4577-89A4-C662168C8F8C}
	EndGlobalSection
EndGlobal
